
Microsoft Visual Studio Solution File, Format Version 11.00
# Visual Studio 2010
Project("{FAE04EC0-301F-11D3-BF4B-00C04F79EFBC}") = "KotakDocuMentor", "KotakDocuMentor.csproj", "{69939F10-3C03-4E87-82B7-CB6CBF953210}"
EndProject
Global
	GlobalSection(SolutionConfigurationPlatforms) = preSolution
		Debug|Any CPU = Debug|Any CPU
		Release|Any CPU = Release|Any CPU
	EndGlobalSection
	GlobalSection(ProjectConfigurationPlatforms) = postSolution
		{69939F10-3C03-4E87-82B7-CB6CBF953210}.Debug|Any CPU.ActiveCfg = Debug|Any CPU
		{69939F10-3C03-4E87-82B7-CB6CBF953210}.Debug|Any CPU.Build.0 = Debug|Any CPU
		{69939F10-3C03-4E87-82B7-CB6CBF953210}.Release|Any CPU.ActiveCfg = Release|Any CPU
		{69939F10-3C03-4E87-82B7-CB6CBF953210}.Release|Any CPU.Build.0 = Release|Any CPU
	EndGlobalSection
	GlobalSection(SolutionProperties) = preSolution
		HideSolutionNode = FALSE
	EndGlobalSection
EndGlobal
